
Microsoft Visual Studio Solution File, Format Version 12.00
# Visual Studio 15
VisualStudioVersion = 15.0.28307.572
MinimumVisualStudioVersion = 10.0.40219.1
Project("{FAE04EC0-301F-11D3-BF4B-00C04F79EFBC}") = "(ADO)ApartmentAutomation", "(ADO)ApartmentOtomation\(ADO)ApartmentAutomation.csproj", "{CE205225-A2E6-45F2-8DFC-F96BC5433D90}"
EndProject
Global
	GlobalSection(SolutionConfigurationPlatforms) = preSolution
		Debug|Any CPU = Debug|Any CPU
		Release|Any CPU = Release|Any CPU
	EndGlobalSection
	GlobalSection(ProjectConfigurationPlatforms) = postSolution
		{CE205225-A2E6-45F2-8DFC-F96BC5433D90}.Debug|Any CPU.ActiveCfg = Debug|Any CPU
		{CE205225-A2E6-45F2-8DFC-F96BC5433D90}.Debug|Any CPU.Build.0 = Debug|Any CPU
		{CE205225-A2E6-45F2-8DFC-F96BC5433D90}.Release|Any CPU.ActiveCfg = Release|Any CPU
		{CE205225-A2E6-45F2-8DFC-F96BC5433D90}.Release|Any CPU.Build.0 = Release|Any CPU
	EndGlobalSection
	GlobalSection(SolutionProperties) = preSolution
		HideSolutionNode = FALSE
	EndGlobalSection
	GlobalSection(ExtensibilityGlobals) = postSolution
		SolutionGuid = {03F35C77-2A8C-4CD9-B6A6-4AB4B2E4F287}
	EndGlobalSection
EndGlobal
